
Microsoft Visual Studio Solution File, Format Version 12.00
# Visual Studio 2012
Project("{FAE04EC0-301F-11D3-BF4B-00C04F79EFBC}") = "DotNetExtensions", "DotNetExtensions\DotNetExtensions.csproj", "{9A71D2E9-848F-4A9A-A6DC-2C0B6D46674A}"
EndProject
Project("{FAE04EC0-301F-11D3-BF4B-00C04F79EFBC}") = "DotNetExtensions.Test", "DotNetExtensions.Test\DotNetExtensions.Test.csproj", "{DCD14E2E-BCD3-40DA-AF87-F620F06C1F0D}"
EndProject
Global
	GlobalSection(SolutionConfigurationPlatforms) = preSolution
		Debug|Any CPU = Debug|Any CPU
		Release|Any CPU = Release|Any CPU
	EndGlobalSection
	GlobalSection(ProjectConfigurationPlatforms) = postSolution
		{9A71D2E9-848F-4A9A-A6DC-2C0B6D46674A}.Debug|Any CPU.ActiveCfg = Debug|Any CPU
		{9A71D2E9-848F-4A9A-A6DC-2C0B6D46674A}.Debug|Any CPU.Build.0 = Debug|Any CPU
		{9A71D2E9-848F-4A9A-A6DC-2C0B6D46674A}.Release|Any CPU.ActiveCfg = Release|Any CPU
		{9A71D2E9-848F-4A9A-A6DC-2C0B6D46674A}.Release|Any CPU.Build.0 = Release|Any CPU
		{DCD14E2E-BCD3-40DA-AF87-F620F06C1F0D}.Debug|Any CPU.ActiveCfg = Debug|Any CPU
		{DCD14E2E-BCD3-40DA-AF87-F620F06C1F0D}.Debug|Any CPU.Build.0 = Debug|Any CPU
		{DCD14E2E-BCD3-40DA-AF87-F620F06C1F0D}.Release|Any CPU.ActiveCfg = Release|Any CPU
		{DCD14E2E-BCD3-40DA-AF87-F620F06C1F0D}.Release|Any CPU.Build.0 = Release|Any CPU
	EndGlobalSection
	GlobalSection(SolutionProperties) = preSolution
		HideSolutionNode = FALSE
	EndGlobalSection
EndGlobal
